
Microsoft Visual Studio Solution File, Format Version 12.00
# Visual Studio Version 16
VisualStudioVersion = 16.0.29215.179
MinimumVisualStudioVersion = 10.0.40219.1
Project("{8BC9CEB8-8B4A-11D0-8D11-00A0C91BC942}") = "task1", "task1\task1.vcxproj", "{41C613EF-5AA3-4DE4-8CAB-371EDA10779E}"
EndProject
Global
	GlobalSection(SolutionConfigurationPlatforms) = preSolution
		Debug|x64 = Debug|x64
		Debug|x86 = Debug|x86
		Release|x64 = Release|x64
		Release|x86 = Release|x86
	EndGlobalSection
	GlobalSection(ProjectConfigurationPlatforms) = postSolution
		{41C613EF-5AA3-4DE4-8CAB-371EDA10779E}.Debug|x64.ActiveCfg = Debug|x64
		{41C613EF-5AA3-4DE4-8CAB-371EDA10779E}.Debug|x64.Build.0 = Debug|x64
		{41C613EF-5AA3-4DE4-8CAB-371EDA10779E}.Debug|x86.ActiveCfg = Debug|Win32
		{41C613EF-5AA3-4DE4-8CAB-371EDA10779E}.Debug|x86.Build.0 = Debug|Win32
		{41C613EF-5AA3-4DE4-8CAB-371EDA10779E}.Release|x64.ActiveCfg = Release|x64
		{41C613EF-5AA3-4DE4-8CAB-371EDA10779E}.Release|x64.Build.0 = Release|x64
		{41C613EF-5AA3-4DE4-8CAB-371EDA10779E}.Release|x86.ActiveCfg = Release|Win32
		{41C613EF-5AA3-4DE4-8CAB-371EDA10779E}.Release|x86.Build.0 = Release|Win32
	EndGlobalSection
	GlobalSection(SolutionProperties) = preSolution
		HideSolutionNode = FALSE
	EndGlobalSection
	GlobalSection(ExtensibilityGlobals) = postSolution
		SolutionGuid = {411B4A06-5B07-4FE3-B71C-6BEC5A2F451E}
	EndGlobalSection
EndGlobal
